
Microsoft Visual Studio Solution File, Format Version 12.00
# Visual Studio Version 16
VisualStudioVersion = 16.0.30711.63
MinimumVisualStudioVersion = 10.0.40219.1
Project("{FAE04EC0-301F-11D3-BF4B-00C04F79EFBC}") = "WindowsAppTest", "WindowsAppTest\WindowsAppTest.csproj", "{D79739BE-CD6E-4DE5-80A0-C857958E5848}"
EndProject
Global
	GlobalSection(SolutionConfigurationPlatforms) = preSolution
		Debug|Any CPU = Debug|Any CPU
		Release|Any CPU = Release|Any CPU
	EndGlobalSection
	GlobalSection(ProjectConfigurationPlatforms) = postSolution
		{D79739BE-CD6E-4DE5-80A0-C857958E5848}.Debug|Any CPU.ActiveCfg = Debug|Any CPU
		{D79739BE-CD6E-4DE5-80A0-C857958E5848}.Debug|Any CPU.Build.0 = Debug|Any CPU
		{D79739BE-CD6E-4DE5-80A0-C857958E5848}.Release|Any CPU.ActiveCfg = Release|Any CPU
		{D79739BE-CD6E-4DE5-80A0-C857958E5848}.Release|Any CPU.Build.0 = Release|Any CPU
	EndGlobalSection
	GlobalSection(SolutionProperties) = preSolution
		HideSolutionNode = FALSE
	EndGlobalSection
	GlobalSection(ExtensibilityGlobals) = postSolution
		SolutionGuid = {BA803B5F-6269-4A50-8E7F-FDB18C28B8C7}
	EndGlobalSection
EndGlobal
